
Microsoft Visual Studio Solution File, Format Version 12.00
# Visual Studio Version 16
VisualStudioVersion = 16.0.30114.105
MinimumVisualStudioVersion = 10.0.40219.1
Project("{2150E333-8FDC-42A3-9474-1A3956D46DE8}") = "src", "src", "{1211EAA2-D1EE-47D3-896C-EEDB9AE804A6}"
EndProject
Project("{2150E333-8FDC-42A3-9474-1A3956D46DE8}") = "app", "app", "{00E1F791-5E4F-475F-A1EA-9A914A77C063}"
EndProject
Project("{2150E333-8FDC-42A3-9474-1A3956D46DE8}") = "internal", "internal", "{3583251E-9684-4BDC-9442-69801298BCB3}"
EndProject
Project("{FAE04EC0-301F-11D3-BF4B-00C04F79EFBC}") = "GrpcPusher", "src\app\GrpcPusher\GrpcPusher.csproj", "{31F8CD7B-0821-4674-A186-C2341BB89692}"
EndProject
Project("{FAE04EC0-301F-11D3-BF4B-00C04F79EFBC}") = "Distributor", "src\app\Distributor\Distributor.csproj", "{F653F6F4-24A4-462B-88D0-8B319790E1B4}"
EndProject
Project("{FAE04EC0-301F-11D3-BF4B-00C04F79EFBC}") = "Orchestrator", "src\app\Orchestrator\Orchestrator.csproj", "{F36F1899-C56C-4D3B-868A-2FE81F37AAE7}"
EndProject
Project("{FAE04EC0-301F-11D3-BF4B-00C04F79EFBC}") = "WebPusher", "src\app\WebPusher\WebPusher.csproj", "{357E8EB3-908D-4CB5-ADB7-7D0A58D203A1}"
EndProject
Project("{2150E333-8FDC-42A3-9474-1A3956D46DE8}") = "Pushers", "Pushers", "{15ACB1C3-8495-4B9F-A32A-41CF8104DB8E}"
EndProject
Project("{2150E333-8FDC-42A3-9474-1A3956D46DE8}") = "_", "_", "{A8B9C0CC-41F9-4D7E-ABB4-3D82F665A9CC}"
	ProjectSection(SolutionItems) = preProject
		docker-compose.yml = docker-compose.yml
	EndProjectSection
EndProject
Project("{2150E333-8FDC-42A3-9474-1A3956D46DE8}") = "distributor", "distributor", "{A8F99970-4418-4C54-96BF-E1383D7A1CBE}"
EndProject
Project("{2150E333-8FDC-42A3-9474-1A3956D46DE8}") = "orchestrator", "orchestrator", "{656C63CA-0681-47F2-BC77-CE2CCC2B37A2}"
EndProject
Project("{2150E333-8FDC-42A3-9474-1A3956D46DE8}") = "pusher", "pusher", "{CB576EBB-9FB9-4F63-8675-73EBA0F38D7C}"
EndProject
Project("{2150E333-8FDC-42A3-9474-1A3956D46DE8}") = "common", "common", "{A8807D4E-878B-4B31-B451-BE7AEA2C0ABD}"
EndProject
Project("{2150E333-8FDC-42A3-9474-1A3956D46DE8}") = "presence", "presence", "{EFF9DE1B-8168-4A64-9869-26A193270056}"
EndProject
Project("{FAE04EC0-301F-11D3-BF4B-00C04F79EFBC}") = "PusherService", "src\internal\pusher\PusherService\PusherService.csproj", "{83BC9BB0-65BC-4C00-8C1F-BA057BD10216}"
EndProject
Project("{FAE04EC0-301F-11D3-BF4B-00C04F79EFBC}") = "Commands", "src\internal\common\Commands\Commands.csproj", "{560C99D7-AA97-4F7B-9202-EB01A1E6C207}"
EndProject
Project("{FAE04EC0-301F-11D3-BF4B-00C04F79EFBC}") = "Common", "src\internal\common\Common\Common.csproj", "{F2511618-EA8C-4A4F-B410-04C896740A35}"
EndProject
Project("{FAE04EC0-301F-11D3-BF4B-00C04F79EFBC}") = "Queries", "src\internal\common\Queries\Queries.csproj", "{BB40E566-74A5-4E48-96CA-2BFCD83F1AED}"
EndProject
Project("{FAE04EC0-301F-11D3-BF4B-00C04F79EFBC}") = "Commands", "src\internal\orchestrator\Commands\Commands.csproj", "{EBA44DB9-9568-4552-A70F-7663F84A8A10}"
EndProject
Project("{FAE04EC0-301F-11D3-BF4B-00C04F79EFBC}") = "Domain", "src\internal\orchestrator\Domain\Domain.csproj", "{838D905F-C77F-43BC-8D6C-8BEF4437A1A6}"
EndProject
Project("{FAE04EC0-301F-11D3-BF4B-00C04F79EFBC}") = "DomainDrivenDesign", "src\internal\common\DomainDrivenDesign\DomainDrivenDesign.csproj", "{EB9E6DE1-BD57-4F0E-BEAD-3D681F0AB2DD}"
EndProject
Project("{FAE04EC0-301F-11D3-BF4B-00C04F79EFBC}") = "HttpClient", "src\internal\orchestrator\HttpClient\HttpClient.csproj", "{831E6404-6DA8-4EC4-AADE-6F2AA9D482B0}"
EndProject
Project("{FAE04EC0-301F-11D3-BF4B-00C04F79EFBC}") = "HttpModels", "src\internal\orchestrator\HttpModels\HttpModels.csproj", "{36256219-3F95-4EE1-AD8D-5F2A1351CDCE}"
EndProject
Project("{FAE04EC0-301F-11D3-BF4B-00C04F79EFBC}") = "BrokerManager", "src\internal\orchestrator\BrokerManager\BrokerManager.csproj", "{27468BDC-6CBF-41FD-BE2E-D631BE0EE8B5}"
EndProject
Project("{2150E333-8FDC-42A3-9474-1A3956D46DE8}") = "Brokers", "Brokers", "{D2F5AC1C-269C-422A-85EA-8A8B3FDE9061}"
EndProject
Project("{FAE04EC0-301F-11D3-BF4B-00C04F79EFBC}") = "BrokerManager.Sqs", "src\internal\orchestrator\BrokerManager.Sqs\BrokerManager.Sqs.csproj", "{4A3A96C7-F2B1-4685-B39D-E51336EB98B4}"
EndProject
Project("{FAE04EC0-301F-11D3-BF4B-00C04F79EFBC}") = "BrokerListener", "src\internal\pusher\BrokerListener\BrokerListener.csproj", "{DBD499FB-0C1E-479F-88F1-424CEE18DD14}"
EndProject
Project("{2150E333-8FDC-42A3-9474-1A3956D46DE8}") = "Brokers", "Brokers", "{421357BC-1F64-45DE-9C62-474756963BEE}"
EndProject
Project("{FAE04EC0-301F-11D3-BF4B-00C04F79EFBC}") = "BrokerListener.Sqs", "src\internal\pusher\BrokerListener.Sqs\BrokerListener.Sqs.csproj", "{F9005CE7-6C2C-4EA0-8321-88C8FBB11B55}"
EndProject
Project("{FAE04EC0-301F-11D3-BF4B-00C04F79EFBC}") = "Domain", "src\internal\common\Domain\Domain.csproj", "{D569551B-2150-4E1A-8D15-7B0B9A0E1CC3}"
EndProject
Project("{FAE04EC0-301F-11D3-BF4B-00C04F79EFBC}") = "Domain.ValueObjects", "src\internal\common\Domain.ValueObjects\Domain.ValueObjects.csproj", "{5238FC6E-BA0E-4AC0-902E-56BD2DB5AD44}"
EndProject
Project("{FAE04EC0-301F-11D3-BF4B-00C04F79EFBC}") = "UserManager", "src\internal\pusher\UserManager\UserManager.csproj", "{0285D664-FAC8-46CD-BDAD-1ADFD5C51320}"
EndProject
Project("{2150E333-8FDC-42A3-9474-1A3956D46DE8}") = "Base", "Base", "{94B403F8-EFB8-4624-8AFA-74156C698B40}"
EndProject
Project("{FAE04EC0-301F-11D3-BF4B-00C04F79EFBC}") = "Data.DynamoDb", "src\internal\common\Data.DynamoDb\Data.DynamoDb.csproj", "{67929072-420D-46D0-8F4E-CC7047C673C5}"
EndProject
Project("{FAE04EC0-301F-11D3-BF4B-00C04F79EFBC}") = "Data.Repositories.DynamoDb", "src\internal\orchestrator\Data.Repositories.DynamoDb\Data.Repositories.DynamoDb.csproj", "{EA4EA570-9E97-46C7-82A7-FFDBB682F423}"
EndProject
Project("{2150E333-8FDC-42A3-9474-1A3956D46DE8}") = "Data", "Data", "{109C2126-EFA8-4B85-A1D8-AD804114FB18}"
EndProject
Project("{FAE04EC0-301F-11D3-BF4B-00C04F79EFBC}") = "Data.Repositories.DynamoDb", "src\internal\common\Data.Repositories.DynamoDb\Data.Repositories.DynamoDb.csproj", "{2F9BF593-6AE6-4DA2-805A-10C1ABB86885}"
EndProject
Project("{2150E333-8FDC-42A3-9474-1A3956D46DE8}") = "Data", "Data", "{93997CAD-F899-4CF8-BE3C-550835886F31}"
EndProject
Project("{FAE04EC0-301F-11D3-BF4B-00C04F79EFBC}") = "StartupTasks.Abstractions", "src\internal\common\StartupTasks.Abstractions\StartupTasks.Abstractions.csproj", "{A72B1BAB-597F-4738-ACF1-D08622F4245D}"
EndProject
Project("{FAE04EC0-301F-11D3-BF4B-00C04F79EFBC}") = "StartupTasks", "src\internal\common\StartupTasks\StartupTasks.csproj", "{C55F4078-AE9D-4CDD-BE00-264D3887F0BC}"
EndProject
Project("{FAE04EC0-301F-11D3-BF4B-00C04F79EFBC}") = "AspNetCoreHelpers", "src\internal\common\AspNetCoreHelpers\AspNetCoreHelpers.csproj", "{58492994-3211-4386-BA18-854CDCED6D7F}"
EndProject
Project("{FAE04EC0-301F-11D3-BF4B-00C04F79EFBC}") = "Commands", "src\internal\distributor\Commands\Commands.csproj", "{FF8F409A-5EA7-44FB-97FA-6B01EA7D8435}"
EndProject
Project("{FAE04EC0-301F-11D3-BF4B-00C04F79EFBC}") = "BrokerPusher", "src\internal\distributor\BrokerPusher\BrokerPusher.csproj", "{8D85329F-9446-4FFC-8D0F-422B03C9769B}"
EndProject
Project("{FAE04EC0-301F-11D3-BF4B-00C04F79EFBC}") = "BrokerPusher.Sqs", "src\internal\distributor\BrokerPusher.Sqs\BrokerPusher.Sqs.csproj", "{9D604BD9-3928-4C1A-B352-F41360EA55FA}"
EndProject
Global
	GlobalSection(SolutionConfigurationPlatforms) = preSolution
		Debug|Any CPU = Debug|Any CPU
		Release|Any CPU = Release|Any CPU
	EndGlobalSection
	GlobalSection(SolutionProperties) = preSolution
		HideSolutionNode = FALSE
	EndGlobalSection
	GlobalSection(NestedProjects) = preSolution
		{00E1F791-5E4F-475F-A1EA-9A914A77C063} = {1211EAA2-D1EE-47D3-896C-EEDB9AE804A6}
		{3583251E-9684-4BDC-9442-69801298BCB3} = {1211EAA2-D1EE-47D3-896C-EEDB9AE804A6}
		{F653F6F4-24A4-462B-88D0-8B319790E1B4} = {00E1F791-5E4F-475F-A1EA-9A914A77C063}
		{F36F1899-C56C-4D3B-868A-2FE81F37AAE7} = {00E1F791-5E4F-475F-A1EA-9A914A77C063}
		{15ACB1C3-8495-4B9F-A32A-41CF8104DB8E} = {00E1F791-5E4F-475F-A1EA-9A914A77C063}
		{31F8CD7B-0821-4674-A186-C2341BB89692} = {15ACB1C3-8495-4B9F-A32A-41CF8104DB8E}
		{357E8EB3-908D-4CB5-ADB7-7D0A58D203A1} = {15ACB1C3-8495-4B9F-A32A-41CF8104DB8E}
		{A8F99970-4418-4C54-96BF-E1383D7A1CBE} = {3583251E-9684-4BDC-9442-69801298BCB3}
		{656C63CA-0681-47F2-BC77-CE2CCC2B37A2} = {3583251E-9684-4BDC-9442-69801298BCB3}
		{CB576EBB-9FB9-4F63-8675-73EBA0F38D7C} = {3583251E-9684-4BDC-9442-69801298BCB3}
		{A8807D4E-878B-4B31-B451-BE7AEA2C0ABD} = {3583251E-9684-4BDC-9442-69801298BCB3}
		{EFF9DE1B-8168-4A64-9869-26A193270056} = {3583251E-9684-4BDC-9442-69801298BCB3}
		{83BC9BB0-65BC-4C00-8C1F-BA057BD10216} = {CB576EBB-9FB9-4F63-8675-73EBA0F38D7C}
		{EBA44DB9-9568-4552-A70F-7663F84A8A10} = {656C63CA-0681-47F2-BC77-CE2CCC2B37A2}
		{838D905F-C77F-43BC-8D6C-8BEF4437A1A6} = {656C63CA-0681-47F2-BC77-CE2CCC2B37A2}
		{831E6404-6DA8-4EC4-AADE-6F2AA9D482B0} = {656C63CA-0681-47F2-BC77-CE2CCC2B37A2}
		{36256219-3F95-4EE1-AD8D-5F2A1351CDCE} = {656C63CA-0681-47F2-BC77-CE2CCC2B37A2}
		{D2F5AC1C-269C-422A-85EA-8A8B3FDE9061} = {656C63CA-0681-47F2-BC77-CE2CCC2B37A2}
		{27468BDC-6CBF-41FD-BE2E-D631BE0EE8B5} = {D2F5AC1C-269C-422A-85EA-8A8B3FDE9061}
		{4A3A96C7-F2B1-4685-B39D-E51336EB98B4} = {D2F5AC1C-269C-422A-85EA-8A8B3FDE9061}
		{421357BC-1F64-45DE-9C62-474756963BEE} = {CB576EBB-9FB9-4F63-8675-73EBA0F38D7C}
		{DBD499FB-0C1E-479F-88F1-424CEE18DD14} = {421357BC-1F64-45DE-9C62-474756963BEE}
		{F9005CE7-6C2C-4EA0-8321-88C8FBB11B55} = {421357BC-1F64-45DE-9C62-474756963BEE}
		{D569551B-2150-4E1A-8D15-7B0B9A0E1CC3} = {A8807D4E-878B-4B31-B451-BE7AEA2C0ABD}
		{5238FC6E-BA0E-4AC0-902E-56BD2DB5AD44} = {A8807D4E-878B-4B31-B451-BE7AEA2C0ABD}
		{0285D664-FAC8-46CD-BDAD-1ADFD5C51320} = {CB576EBB-9FB9-4F63-8675-73EBA0F38D7C}
		{94B403F8-EFB8-4624-8AFA-74156C698B40} = {A8807D4E-878B-4B31-B451-BE7AEA2C0ABD}
		{560C99D7-AA97-4F7B-9202-EB01A1E6C207} = {94B403F8-EFB8-4624-8AFA-74156C698B40}
		{F2511618-EA8C-4A4F-B410-04C896740A35} = {94B403F8-EFB8-4624-8AFA-74156C698B40}
		{BB40E566-74A5-4E48-96CA-2BFCD83F1AED} = {94B403F8-EFB8-4624-8AFA-74156C698B40}
		{EB9E6DE1-BD57-4F0E-BEAD-3D681F0AB2DD} = {94B403F8-EFB8-4624-8AFA-74156C698B40}
		{109C2126-EFA8-4B85-A1D8-AD804114FB18} = {656C63CA-0681-47F2-BC77-CE2CCC2B37A2}
		{EA4EA570-9E97-46C7-82A7-FFDBB682F423} = {109C2126-EFA8-4B85-A1D8-AD804114FB18}
		{93997CAD-F899-4CF8-BE3C-550835886F31} = {A8807D4E-878B-4B31-B451-BE7AEA2C0ABD}
		{67929072-420D-46D0-8F4E-CC7047C673C5} = {93997CAD-F899-4CF8-BE3C-550835886F31}
		{2F9BF593-6AE6-4DA2-805A-10C1ABB86885} = {93997CAD-F899-4CF8-BE3C-550835886F31}
		{A72B1BAB-597F-4738-ACF1-D08622F4245D} = {94B403F8-EFB8-4624-8AFA-74156C698B40}
		{C55F4078-AE9D-4CDD-BE00-264D3887F0BC} = {94B403F8-EFB8-4624-8AFA-74156C698B40}
		{58492994-3211-4386-BA18-854CDCED6D7F} = {94B403F8-EFB8-4624-8AFA-74156C698B40}
		{FF8F409A-5EA7-44FB-97FA-6B01EA7D8435} = {A8F99970-4418-4C54-96BF-E1383D7A1CBE}
		{8D85329F-9446-4FFC-8D0F-422B03C9769B} = {A8F99970-4418-4C54-96BF-E1383D7A1CBE}
		{9D604BD9-3928-4C1A-B352-F41360EA55FA} = {A8F99970-4418-4C54-96BF-E1383D7A1CBE}
	EndGlobalSection
	GlobalSection(ProjectConfigurationPlatforms) = postSolution
		{31F8CD7B-0821-4674-A186-C2341BB89692}.Debug|Any CPU.ActiveCfg = Debug|Any CPU
		{31F8CD7B-0821-4674-A186-C2341BB89692}.Debug|Any CPU.Build.0 = Debug|Any CPU
		{31F8CD7B-0821-4674-A186-C2341BB89692}.Release|Any CPU.ActiveCfg = Release|Any CPU
		{31F8CD7B-0821-4674-A186-C2341BB89692}.Release|Any CPU.Build.0 = Release|Any CPU
		{F653F6F4-24A4-462B-88D0-8B319790E1B4}.Debug|Any CPU.ActiveCfg = Debug|Any CPU
		{F653F6F4-24A4-462B-88D0-8B319790E1B4}.Debug|Any CPU.Build.0 = Debug|Any CPU
		{F653F6F4-24A4-462B-88D0-8B319790E1B4}.Release|Any CPU.ActiveCfg = Release|Any CPU
		{F653F6F4-24A4-462B-88D0-8B319790E1B4}.Release|Any CPU.Build.0 = Release|Any CPU
		{F36F1899-C56C-4D3B-868A-2FE81F37AAE7}.Debug|Any CPU.ActiveCfg = Debug|Any CPU
		{F36F1899-C56C-4D3B-868A-2FE81F37AAE7}.Debug|Any CPU.Build.0 = Debug|Any CPU
		{F36F1899-C56C-4D3B-868A-2FE81F37AAE7}.Release|Any CPU.ActiveCfg = Release|Any CPU
		{F36F1899-C56C-4D3B-868A-2FE81F37AAE7}.Release|Any CPU.Build.0 = Release|Any CPU
		{357E8EB3-908D-4CB5-ADB7-7D0A58D203A1}.Debug|Any CPU.ActiveCfg = Debug|Any CPU
		{357E8EB3-908D-4CB5-ADB7-7D0A58D203A1}.Debug|Any CPU.Build.0 = Debug|Any CPU
		{357E8EB3-908D-4CB5-ADB7-7D0A58D203A1}.Release|Any CPU.ActiveCfg = Release|Any CPU
		{357E8EB3-908D-4CB5-ADB7-7D0A58D203A1}.Release|Any CPU.Build.0 = Release|Any CPU
		{83BC9BB0-65BC-4C00-8C1F-BA057BD10216}.Debug|Any CPU.ActiveCfg = Debug|Any CPU
		{83BC9BB0-65BC-4C00-8C1F-BA057BD10216}.Debug|Any CPU.Build.0 = Debug|Any CPU
		{83BC9BB0-65BC-4C00-8C1F-BA057BD10216}.Release|Any CPU.ActiveCfg = Release|Any CPU
		{83BC9BB0-65BC-4C00-8C1F-BA057BD10216}.Release|Any CPU.Build.0 = Release|Any CPU
		{560C99D7-AA97-4F7B-9202-EB01A1E6C207}.Debug|Any CPU.ActiveCfg = Debug|Any CPU
		{560C99D7-AA97-4F7B-9202-EB01A1E6C207}.Debug|Any CPU.Build.0 = Debug|Any CPU
		{560C99D7-AA97-4F7B-9202-EB01A1E6C207}.Release|Any CPU.ActiveCfg = Release|Any CPU
		{560C99D7-AA97-4F7B-9202-EB01A1E6C207}.Release|Any CPU.Build.0 = Release|Any CPU
		{F2511618-EA8C-4A4F-B410-04C896740A35}.Debug|Any CPU.ActiveCfg = Debug|Any CPU
		{F2511618-EA8C-4A4F-B410-04C896740A35}.Debug|Any CPU.Build.0 = Debug|Any CPU
		{F2511618-EA8C-4A4F-B410-04C896740A35}.Release|Any CPU.ActiveCfg = Release|Any CPU
		{F2511618-EA8C-4A4F-B410-04C896740A35}.Release|Any CPU.Build.0 = Release|Any CPU
		{BB40E566-74A5-4E48-96CA-2BFCD83F1AED}.Debug|Any CPU.ActiveCfg = Debug|Any CPU
		{BB40E566-74A5-4E48-96CA-2BFCD83F1AED}.Debug|Any CPU.Build.0 = Debug|Any CPU
		{BB40E566-74A5-4E48-96CA-2BFCD83F1AED}.Release|Any CPU.ActiveCfg = Release|Any CPU
		{BB40E566-74A5-4E48-96CA-2BFCD83F1AED}.Release|Any CPU.Build.0 = Release|Any CPU
		{EBA44DB9-9568-4552-A70F-7663F84A8A10}.Debug|Any CPU.ActiveCfg = Debug|Any CPU
		{EBA44DB9-9568-4552-A70F-7663F84A8A10}.Debug|Any CPU.Build.0 = Debug|Any CPU
		{EBA44DB9-9568-4552-A70F-7663F84A8A10}.Release|Any CPU.ActiveCfg = Release|Any CPU
		{EBA44DB9-9568-4552-A70F-7663F84A8A10}.Release|Any CPU.Build.0 = Release|Any CPU
		{838D905F-C77F-43BC-8D6C-8BEF4437A1A6}.Debug|Any CPU.ActiveCfg = Debug|Any CPU
		{838D905F-C77F-43BC-8D6C-8BEF4437A1A6}.Debug|Any CPU.Build.0 = Debug|Any CPU
		{838D905F-C77F-43BC-8D6C-8BEF4437A1A6}.Release|Any CPU.ActiveCfg = Release|Any CPU
		{838D905F-C77F-43BC-8D6C-8BEF4437A1A6}.Release|Any CPU.Build.0 = Release|Any CPU
		{EB9E6DE1-BD57-4F0E-BEAD-3D681F0AB2DD}.Debug|Any CPU.ActiveCfg = Debug|Any CPU
		{EB9E6DE1-BD57-4F0E-BEAD-3D681F0AB2DD}.Debug|Any CPU.Build.0 = Debug|Any CPU
		{EB9E6DE1-BD57-4F0E-BEAD-3D681F0AB2DD}.Release|Any CPU.ActiveCfg = Release|Any CPU
		{EB9E6DE1-BD57-4F0E-BEAD-3D681F0AB2DD}.Release|Any CPU.Build.0 = Release|Any CPU
		{831E6404-6DA8-4EC4-AADE-6F2AA9D482B0}.Debug|Any CPU.ActiveCfg = Debug|Any CPU
		{831E6404-6DA8-4EC4-AADE-6F2AA9D482B0}.Debug|Any CPU.Build.0 = Debug|Any CPU
		{831E6404-6DA8-4EC4-AADE-6F2AA9D482B0}.Release|Any CPU.ActiveCfg = Release|Any CPU
		{831E6404-6DA8-4EC4-AADE-6F2AA9D482B0}.Release|Any CPU.Build.0 = Release|Any CPU
		{36256219-3F95-4EE1-AD8D-5F2A1351CDCE}.Debug|Any CPU.ActiveCfg = Debug|Any CPU
		{36256219-3F95-4EE1-AD8D-5F2A1351CDCE}.Debug|Any CPU.Build.0 = Debug|Any CPU
		{36256219-3F95-4EE1-AD8D-5F2A1351CDCE}.Release|Any CPU.ActiveCfg = Release|Any CPU
		{36256219-3F95-4EE1-AD8D-5F2A1351CDCE}.Release|Any CPU.Build.0 = Release|Any CPU
		{27468BDC-6CBF-41FD-BE2E-D631BE0EE8B5}.Debug|Any CPU.ActiveCfg = Debug|Any CPU
		{27468BDC-6CBF-41FD-BE2E-D631BE0EE8B5}.Debug|Any CPU.Build.0 = Debug|Any CPU
		{27468BDC-6CBF-41FD-BE2E-D631BE0EE8B5}.Release|Any CPU.ActiveCfg = Release|Any CPU
		{27468BDC-6CBF-41FD-BE2E-D631BE0EE8B5}.Release|Any CPU.Build.0 = Release|Any CPU
		{4A3A96C7-F2B1-4685-B39D-E51336EB98B4}.Debug|Any CPU.ActiveCfg = Debug|Any CPU
		{4A3A96C7-F2B1-4685-B39D-E51336EB98B4}.Debug|Any CPU.Build.0 = Debug|Any CPU
		{4A3A96C7-F2B1-4685-B39D-E51336EB98B4}.Release|Any CPU.ActiveCfg = Release|Any CPU
		{4A3A96C7-F2B1-4685-B39D-E51336EB98B4}.Release|Any CPU.Build.0 = Release|Any CPU
		{DBD499FB-0C1E-479F-88F1-424CEE18DD14}.Debug|Any CPU.ActiveCfg = Debug|Any CPU
		{DBD499FB-0C1E-479F-88F1-424CEE18DD14}.Debug|Any CPU.Build.0 = Debug|Any CPU
		{DBD499FB-0C1E-479F-88F1-424CEE18DD14}.Release|Any CPU.ActiveCfg = Release|Any CPU
		{DBD499FB-0C1E-479F-88F1-424CEE18DD14}.Release|Any CPU.Build.0 = Release|Any CPU
		{F9005CE7-6C2C-4EA0-8321-88C8FBB11B55}.Debug|Any CPU.ActiveCfg = Debug|Any CPU
		{F9005CE7-6C2C-4EA0-8321-88C8FBB11B55}.Debug|Any CPU.Build.0 = Debug|Any CPU
		{F9005CE7-6C2C-4EA0-8321-88C8FBB11B55}.Release|Any CPU.ActiveCfg = Release|Any CPU
		{F9005CE7-6C2C-4EA0-8321-88C8FBB11B55}.Release|Any CPU.Build.0 = Release|Any CPU
		{D569551B-2150-4E1A-8D15-7B0B9A0E1CC3}.Debug|Any CPU.ActiveCfg = Debug|Any CPU
		{D569551B-2150-4E1A-8D15-7B0B9A0E1CC3}.Debug|Any CPU.Build.0 = Debug|Any CPU
		{D569551B-2150-4E1A-8D15-7B0B9A0E1CC3}.Release|Any CPU.ActiveCfg = Release|Any CPU
		{D569551B-2150-4E1A-8D15-7B0B9A0E1CC3}.Release|Any CPU.Build.0 = Release|Any CPU
		{5238FC6E-BA0E-4AC0-902E-56BD2DB5AD44}.Debug|Any CPU.ActiveCfg = Debug|Any CPU
		{5238FC6E-BA0E-4AC0-902E-56BD2DB5AD44}.Debug|Any CPU.Build.0 = Debug|Any CPU
		{5238FC6E-BA0E-4AC0-902E-56BD2DB5AD44}.Release|Any CPU.ActiveCfg = Release|Any CPU
		{5238FC6E-BA0E-4AC0-902E-56BD2DB5AD44}.Release|Any CPU.Build.0 = Release|Any CPU
		{0285D664-FAC8-46CD-BDAD-1ADFD5C51320}.Debug|Any CPU.ActiveCfg = Debug|Any CPU
		{0285D664-FAC8-46CD-BDAD-1ADFD5C51320}.Debug|Any CPU.Build.0 = Debug|Any CPU
		{0285D664-FAC8-46CD-BDAD-1ADFD5C51320}.Release|Any CPU.ActiveCfg = Release|Any CPU
		{0285D664-FAC8-46CD-BDAD-1ADFD5C51320}.Release|Any CPU.Build.0 = Release|Any CPU
		{67929072-420D-46D0-8F4E-CC7047C673C5}.Debug|Any CPU.ActiveCfg = Debug|Any CPU
		{67929072-420D-46D0-8F4E-CC7047C673C5}.Debug|Any CPU.Build.0 = Debug|Any CPU
		{67929072-420D-46D0-8F4E-CC7047C673C5}.Release|Any CPU.ActiveCfg = Release|Any CPU
		{67929072-420D-46D0-8F4E-CC7047C673C5}.Release|Any CPU.Build.0 = Release|Any CPU
		{EA4EA570-9E97-46C7-82A7-FFDBB682F423}.Debug|Any CPU.ActiveCfg = Debug|Any CPU
		{EA4EA570-9E97-46C7-82A7-FFDBB682F423}.Debug|Any CPU.Build.0 = Debug|Any CPU
		{EA4EA570-9E97-46C7-82A7-FFDBB682F423}.Release|Any CPU.ActiveCfg = Release|Any CPU
		{EA4EA570-9E97-46C7-82A7-FFDBB682F423}.Release|Any CPU.Build.0 = Release|Any CPU
		{2F9BF593-6AE6-4DA2-805A-10C1ABB86885}.Debug|Any CPU.ActiveCfg = Debug|Any CPU
		{2F9BF593-6AE6-4DA2-805A-10C1ABB86885}.Debug|Any CPU.Build.0 = Debug|Any CPU
		{2F9BF593-6AE6-4DA2-805A-10C1ABB86885}.Release|Any CPU.ActiveCfg = Release|Any CPU
		{2F9BF593-6AE6-4DA2-805A-10C1ABB86885}.Release|Any CPU.Build.0 = Release|Any CPU
		{A72B1BAB-597F-4738-ACF1-D08622F4245D}.Debug|Any CPU.ActiveCfg = Debug|Any CPU
		{A72B1BAB-597F-4738-ACF1-D08622F4245D}.Debug|Any CPU.Build.0 = Debug|Any CPU
		{A72B1BAB-597F-4738-ACF1-D08622F4245D}.Release|Any CPU.ActiveCfg = Release|Any CPU
		{A72B1BAB-597F-4738-ACF1-D08622F4245D}.Release|Any CPU.Build.0 = Release|Any CPU
		{C55F4078-AE9D-4CDD-BE00-264D3887F0BC}.Debug|Any CPU.ActiveCfg = Debug|Any CPU
		{C55F4078-AE9D-4CDD-BE00-264D3887F0BC}.Debug|Any CPU.Build.0 = Debug|Any CPU
		{C55F4078-AE9D-4CDD-BE00-264D3887F0BC}.Release|Any CPU.ActiveCfg = Release|Any CPU
		{C55F4078-AE9D-4CDD-BE00-264D3887F0BC}.Release|Any CPU.Build.0 = Release|Any CPU
		{58492994-3211-4386-BA18-854CDCED6D7F}.Debug|Any CPU.ActiveCfg = Debug|Any CPU
		{58492994-3211-4386-BA18-854CDCED6D7F}.Debug|Any CPU.Build.0 = Debug|Any CPU
		{58492994-3211-4386-BA18-854CDCED6D7F}.Release|Any CPU.ActiveCfg = Release|Any CPU
		{58492994-3211-4386-BA18-854CDCED6D7F}.Release|Any CPU.Build.0 = Release|Any CPU
		{FF8F409A-5EA7-44FB-97FA-6B01EA7D8435}.Debug|Any CPU.ActiveCfg = Debug|Any CPU
		{FF8F409A-5EA7-44FB-97FA-6B01EA7D8435}.Debug|Any CPU.Build.0 = Debug|Any CPU
		{FF8F409A-5EA7-44FB-97FA-6B01EA7D8435}.Release|Any CPU.ActiveCfg = Release|Any CPU
		{FF8F409A-5EA7-44FB-97FA-6B01EA7D8435}.Release|Any CPU.Build.0 = Release|Any CPU
		{8D85329F-9446-4FFC-8D0F-422B03C9769B}.Debug|Any CPU.ActiveCfg = Debug|Any CPU
		{8D85329F-9446-4FFC-8D0F-422B03C9769B}.Debug|Any CPU.Build.0 = Debug|Any CPU
		{8D85329F-9446-4FFC-8D0F-422B03C9769B}.Release|Any CPU.ActiveCfg = Release|Any CPU
		{8D85329F-9446-4FFC-8D0F-422B03C9769B}.Release|Any CPU.Build.0 = Release|Any CPU
		{9D604BD9-3928-4C1A-B352-F41360EA55FA}.Debug|Any CPU.ActiveCfg = Debug|Any CPU
		{9D604BD9-3928-4C1A-B352-F41360EA55FA}.Debug|Any CPU.Build.0 = Debug|Any CPU
		{9D604BD9-3928-4C1A-B352-F41360EA55FA}.Release|Any CPU.ActiveCfg = Release|Any CPU
		{9D604BD9-3928-4C1A-B352-F41360EA55FA}.Release|Any CPU.Build.0 = Release|Any CPU
	EndGlobalSection
EndGlobal
